{
  "nodes": {
    "environments": {
      "flake": false,
      "locked": {
        "lastModified": 1596070630,
        "narHash": "sha256-FZuP3/cMiumMZwX8RPqMLVAn10IMFlpimq9Bps77wP8=",
        "ref": "refs/heads/master",
        "rev": "91bb3777d558e809be12bcc94f6c984487994765",
        "revCount": 2,
        "type": "git",
        "url": "https://github.com/SimulaVR/environments"
      },
      "original": {
        "rev": "91bb3777d558e809be12bcc94f6c984487994765",
        "type": "git",
        "url": "https://github.com/SimulaVR/environments"
      }
    },
    "flake-parts": {
      "inputs": {
        "nixpkgs-lib": [
          "nixpkgs"
        ]
      },
      "locked": {
        "lastModified": 1769996383,
        "narHash": "sha256-AnYjnFWgS49RlqX7LrC4uA+sCCDBj0Ry/WOJ5XWAsa0=",
        "owner": "hercules-ci",
        "repo": "flake-parts",
        "rev": "57928607ea566b5db3ad13af0e57e921e6b12381",
        "type": "github"
      },
      "original": {
        "owner": "hercules-ci",
        "repo": "flake-parts",
        "type": "github"
      }
    },
    "flake-parts_2": {
      "inputs": {
        "nixpkgs-lib": [
          "godot",
          "nixpkgs"
        ]
      },
      "locked": {
        "lastModified": 1743550720,
        "narHash": "sha256-hIshGgKZCgWh6AYJpJmRgFdR3WUbkY04o82X05xqQiY=",
        "owner": "hercules-ci",
        "repo": "flake-parts",
        "rev": "c621e8422220273271f52058f618c94e405bb0f5",
        "type": "github"
      },
      "original": {
        "owner": "hercules-ci",
        "repo": "flake-parts",
        "type": "github"
      }
    },
    "flake-parts_3": {
      "inputs": {
        "nixpkgs-lib": [
          "godot",
          "wlroots-flake",
          "nixpkgs"
        ]
      },
      "locked": {
        "lastModified": 1743550720,
        "narHash": "sha256-hIshGgKZCgWh6AYJpJmRgFdR3WUbkY04o82X05xqQiY=",
        "owner": "hercules-ci",
        "repo": "flake-parts",
        "rev": "c621e8422220273271f52058f618c94e405bb0f5",
        "type": "github"
      },
      "original": {
        "owner": "hercules-ci",
        "repo": "flake-parts",
        "type": "github"
      }
    },
    "flake-parts_4": {
      "inputs": {
        "nixpkgs-lib": [
          "godot-haskell",
          "nixpkgs"
        ]
      },
      "locked": {
        "lastModified": 1743550720,
        "narHash": "sha256-hIshGgKZCgWh6AYJpJmRgFdR3WUbkY04o82X05xqQiY=",
        "owner": "hercules-ci",
        "repo": "flake-parts",
        "rev": "c621e8422220273271f52058f618c94e405bb0f5",
        "type": "github"
      },
      "original": {
        "owner": "hercules-ci",
        "repo": "flake-parts",
        "type": "github"
      }
    },
    "flake-parts_5": {
      "inputs": {
        "nixpkgs-lib": [
          "i3status-fork",
          "nixpkgs"
        ]
      },
      "locked": {
        "lastModified": 1743550720,
        "narHash": "sha256-hIshGgKZCgWh6AYJpJmRgFdR3WUbkY04o82X05xqQiY=",
        "owner": "hercules-ci",
        "repo": "flake-parts",
        "rev": "c621e8422220273271f52058f618c94e405bb0f5",
        "type": "github"
      },
      "original": {
        "owner": "hercules-ci",
        "repo": "flake-parts",
        "type": "github"
      }
    },
    "flake-parts_6": {
      "inputs": {
        "nixpkgs-lib": [
          "monado",
          "nixpkgs"
        ]
      },
      "locked": {
        "lastModified": 1743550720,
        "narHash": "sha256-hIshGgKZCgWh6AYJpJmRgFdR3WUbkY04o82X05xqQiY=",
        "owner": "hercules-ci",
        "repo": "flake-parts",
        "rev": "c621e8422220273271f52058f618c94e405bb0f5",
        "type": "github"
      },
      "original": {
        "owner": "hercules-ci",
        "repo": "flake-parts",
        "type": "github"
      }
    },
    "godot": {
      "inputs": {
        "flake-parts": "flake-parts_2",
        "nixpkgs": "nixpkgs",
        "systems": "systems",
        "wlroots-flake": "wlroots-flake"
      },
      "locked": {
        "lastModified": 1750113651,
        "narHash": "sha256-bcvtb1B1eLYjwHgIvumsX01EZd4bN5NWkKPlWZb34Hc=",
        "ref": "refs/heads/3.x-simula",
        "rev": "d4bfd13c124cae3393aacfdf97433bb1e8f79d92",
        "revCount": 29799,
        "submodules": true,
        "type": "git",
        "url": "https://github.com/SimulaVR/godot"
      },
      "original": {
        "rev": "d4bfd13c124cae3393aacfdf97433bb1e8f79d92",
        "submodules": true,
        "type": "git",
        "url": "https://github.com/SimulaVR/godot"
      }
    },
    "godot-haskell": {
      "inputs": {
        "flake-parts": "flake-parts_4",
        "nixpkgs": [
          "nixpkgs"
        ],
        "systems": "systems_3",
        "treefmt-nix": "treefmt-nix"
      },
      "locked": {
        "lastModified": 1770321723,
        "narHash": "sha256-m3xpLUd2Ba0i31htpWX0VAv9X+9E/+L+sNV2AkXKUp8=",
        "ref": "refs/heads/master",
        "rev": "ae307f7de0c10f4e91930a156ee37bee8c79be5f",
        "revCount": 135,
        "submodules": true,
        "type": "git",
        "url": "https://github.com/SimulaVR/godot-haskell"
      },
      "original": {
        "rev": "ae307f7de0c10f4e91930a156ee37bee8c79be5f",
        "submodules": true,
        "type": "git",
        "url": "https://github.com/SimulaVR/godot-haskell"
      }
    },
    "godot-openxr": {
      "flake": false,
      "locked": {
        "lastModified": 1770320166,
        "narHash": "sha256-9di80EMscRjQBVI63+b1cxMRs/PEfEGO9xEn+Y8PsQQ=",
        "owner": "SimulaVR",
        "repo": "godot-openxr",
        "rev": "f172b16ff89e0644a26614a4b5fdef41c5c8bac6",
        "type": "github"
      },
      "original": {
        "owner": "SimulaVR",
        "repo": "godot-openxr",
        "type": "github"
      }
    },
    "i3status-fork": {
      "inputs": {
        "flake-parts": "flake-parts_5",
        "nixpkgs": "nixpkgs_2",
        "systems": "systems_4",
        "treefmt-nix": "treefmt-nix_2"
      },
      "locked": {
        "lastModified": 1748823702,
        "narHash": "sha256-qcM4csq5kAyOYJ1BRNOJ35g1RVkz8yZHWHTuPzBAucg=",
        "ref": "refs/heads/master",
        "rev": "f734c9fe2580b6a23bcb1d1081376ae7897bdbf2",
        "revCount": 11,
        "type": "git",
        "url": "https://github.com/SimulaVR/i3status"
      },
      "original": {
        "rev": "f734c9fe2580b6a23bcb1d1081376ae7897bdbf2",
        "type": "git",
        "url": "https://github.com/SimulaVR/i3status"
      }
    },
    "libxcb-errors": {
      "flake": false,
      "locked": {
        "lastModified": 1732504353,
        "narHash": "sha256-LPNRkLQSTPkCRIc9lhHYIvQs8ags3GpGehCWLY5qvJw=",
        "owner": "SimulaVR",
        "repo": "libxcb-errors",
        "rev": "cb26a7dc442b0bb37f8648986350291d3d45a47a",
        "type": "github"
      },
      "original": {
        "owner": "SimulaVR",
        "repo": "libxcb-errors",
        "type": "github"
      }
    },
    "monado": {
      "inputs": {
        "flake-parts": "flake-parts_6",
        "nixpkgs": "nixpkgs_3",
        "systems": "systems_5",
        "treefmt-nix": "treefmt-nix_3"
      },
      "locked": {
        "lastModified": 1768682734,
        "narHash": "sha256-3YMbqU3fgDPJQQGWFZ1KJoW4YlBOtVxnV1gLgVb9ZwY=",
        "ref": "refs/heads/xr50",
        "rev": "47b52aa79efa6f39fc99502442223207ae067e6b",
        "revCount": 7221,
        "submodules": true,
        "type": "git",
        "url": "https://github.com/SimulaVR/monado-xv"
      },
      "original": {
        "rev": "47b52aa79efa6f39fc99502442223207ae067e6b",
        "submodules": true,
        "type": "git",
        "url": "https://github.com/SimulaVR/monado-xv"
      }
    },
    "nixpkgs": {
      "locked": {
        "lastModified": 1717179513,
        "narHash": "sha256-vboIEwIQojofItm2xGCdZCzW96U85l9nDW3ifMuAIdM=",
        "owner": "nixos",
        "repo": "nixpkgs",
        "rev": "63dacb46bf939521bdc93981b4cbb7ecb58427a0",
        "type": "github"
      },
      "original": {
        "owner": "nixos",
        "repo": "nixpkgs",
        "rev": "63dacb46bf939521bdc93981b4cbb7ecb58427a0",
        "type": "github"
      }
    },
    "nixpkgs_2": {
      "locked": {
        "lastModified": 1717179513,
        "narHash": "sha256-vboIEwIQojofItm2xGCdZCzW96U85l9nDW3ifMuAIdM=",
        "owner": "nixos",
        "repo": "nixpkgs",
        "rev": "63dacb46bf939521bdc93981b4cbb7ecb58427a0",
        "type": "github"
      },
      "original": {
        "owner": "nixos",
        "repo": "nixpkgs",
        "rev": "63dacb46bf939521bdc93981b4cbb7ecb58427a0",
        "type": "github"
      }
    },
    "nixpkgs_3": {
      "locked": {
        "lastModified": 1768323494,
        "narHash": "sha256-yBXJLE6WCtrGo7LKiB6NOt6nisBEEkguC/lq/rP3zRQ=",
        "owner": "nixos",
        "repo": "nixpkgs",
        "rev": "2c3e5ec5df46d3aeee2a1da0bfedd74e21f4bf3a",
        "type": "github"
      },
      "original": {
        "owner": "nixos",
        "ref": "nixos-25.11",
        "repo": "nixpkgs",
        "type": "github"
      }
    },
    "nixpkgs_4": {
      "locked": {
        "lastModified": 1770136044,
        "narHash": "sha256-tlFqNG/uzz2++aAmn4v8J0vAkV3z7XngeIIB3rM3650=",
        "owner": "nixos",
        "repo": "nixpkgs",
        "rev": "e576e3c9cf9bad747afcddd9e34f51d18c855b4e",
        "type": "github"
      },
      "original": {
        "owner": "nixos",
        "ref": "nixos-25.11",
        "repo": "nixpkgs",
        "type": "github"
      }
    },
    "root": {
      "inputs": {
        "environments": "environments",
        "flake-parts": "flake-parts",
        "godot": "godot",
        "godot-haskell": "godot-haskell",
        "godot-openxr": "godot-openxr",
        "i3status-fork": "i3status-fork",
        "monado": "monado",
        "nixpkgs": "nixpkgs_4",
        "systems": "systems_6",
        "treefmt-nix": "treefmt-nix_4"
      }
    },
    "systems": {
      "locked": {
        "lastModified": 1689347949,
        "narHash": "sha256-12tWmuL2zgBgZkdoB6qXZsgJEH9LR3oUgpaQq2RbI80=",
        "owner": "nix-systems",
        "repo": "default-linux",
        "rev": "31732fcf5e8fea42e59c2488ad31a0e651500f68",
        "type": "github"
      },
      "original": {
        "owner": "nix-systems",
        "repo": "default-linux",
        "type": "github"
      }
    },
    "systems_2": {
      "locked": {
        "lastModified": 1689347949,
        "narHash": "sha256-12tWmuL2zgBgZkdoB6qXZsgJEH9LR3oUgpaQq2RbI80=",
        "owner": "nix-systems",
        "repo": "default-linux",
        "rev": "31732fcf5e8fea42e59c2488ad31a0e651500f68",
        "type": "github"
      },
      "original": {
        "owner": "nix-systems",
        "repo": "default-linux",
        "type": "github"
      }
    },
    "systems_3": {
      "locked": {
        "lastModified": 1680978846,
        "narHash": "sha256-Gtqg8b/v49BFDpDetjclCYXm8mAnTrUzR0JnE2nv5aw=",
        "owner": "nix-systems",
        "repo": "x86_64-linux",
        "rev": "2ecfcac5e15790ba6ce360ceccddb15ad16d08a8",
        "type": "github"
      },
      "original": {
        "owner": "nix-systems",
        "repo": "x86_64-linux",
        "type": "github"
      }
    },
    "systems_4": {
      "locked": {
        "lastModified": 1680978846,
        "narHash": "sha256-Gtqg8b/v49BFDpDetjclCYXm8mAnTrUzR0JnE2nv5aw=",
        "owner": "nix-systems",
        "repo": "x86_64-linux",
        "rev": "2ecfcac5e15790ba6ce360ceccddb15ad16d08a8",
        "type": "github"
      },
      "original": {
        "owner": "nix-systems",
        "repo": "x86_64-linux",
        "type": "github"
      }
    },
    "systems_5": {
      "locked": {
        "lastModified": 1680978846,
        "narHash": "sha256-Gtqg8b/v49BFDpDetjclCYXm8mAnTrUzR0JnE2nv5aw=",
        "owner": "nix-systems",
        "repo": "x86_64-linux",
        "rev": "2ecfcac5e15790ba6ce360ceccddb15ad16d08a8",
        "type": "github"
      },
      "original": {
        "owner": "nix-systems",
        "repo": "x86_64-linux",
        "type": "github"
      }
    },
    "systems_6": {
      "locked": {
        "lastModified": 1680978846,
        "narHash": "sha256-Gtqg8b/v49BFDpDetjclCYXm8mAnTrUzR0JnE2nv5aw=",
        "owner": "nix-systems",
        "repo": "x86_64-linux",
        "rev": "2ecfcac5e15790ba6ce360ceccddb15ad16d08a8",
        "type": "github"
      },
      "original": {
        "owner": "nix-systems",
        "repo": "x86_64-linux",
        "type": "github"
      }
    },
    "treefmt-nix": {
      "inputs": {
        "nixpkgs": [
          "godot-haskell",
          "nixpkgs"
        ]
      },
      "locked": {
        "lastModified": 1744961264,
        "narHash": "sha256-aRmUh0AMwcbdjJHnytg1e5h5ECcaWtIFQa6d9gI85AI=",
        "owner": "numtide",
        "repo": "treefmt-nix",
        "rev": "8d404a69efe76146368885110f29a2ca3700bee6",
        "type": "github"
      },
      "original": {
        "owner": "numtide",
        "repo": "treefmt-nix",
        "type": "github"
      }
    },
    "treefmt-nix_2": {
      "inputs": {
        "nixpkgs": [
          "i3status-fork",
          "nixpkgs"
        ]
      },
      "locked": {
        "lastModified": 1748243702,
        "narHash": "sha256-9YzfeN8CB6SzNPyPm2XjRRqSixDopTapaRsnTpXUEY8=",
        "owner": "numtide",
        "repo": "treefmt-nix",
        "rev": "1f3f7b784643d488ba4bf315638b2b0a4c5fb007",
        "type": "github"
      },
      "original": {
        "owner": "numtide",
        "repo": "treefmt-nix",
        "type": "github"
      }
    },
    "treefmt-nix_3": {
      "inputs": {
        "nixpkgs": [
          "monado",
          "nixpkgs"
        ]
      },
      "locked": {
        "lastModified": 1748243702,
        "narHash": "sha256-9YzfeN8CB6SzNPyPm2XjRRqSixDopTapaRsnTpXUEY8=",
        "owner": "numtide",
        "repo": "treefmt-nix",
        "rev": "1f3f7b784643d488ba4bf315638b2b0a4c5fb007",
        "type": "github"
      },
      "original": {
        "owner": "numtide",
        "repo": "treefmt-nix",
        "type": "github"
      }
    },
    "treefmt-nix_4": {
      "inputs": {
        "nixpkgs": [
          "nixpkgs"
        ]
      },
      "locked": {
        "lastModified": 1770228511,
        "narHash": "sha256-wQ6NJSuFqAEmIg2VMnLdCnUc0b7vslUohqqGGD+Fyxk=",
        "owner": "numtide",
        "repo": "treefmt-nix",
        "rev": "337a4fe074be1042a35086f15481d763b8ddc0e7",
        "type": "github"
      },
      "original": {
        "owner": "numtide",
        "repo": "treefmt-nix",
        "type": "github"
      }
    },
    "wlroots-flake": {
      "inputs": {
        "flake-parts": "flake-parts_3",
        "libxcb-errors": "libxcb-errors",
        "nixpkgs": [
          "godot",
          "nixpkgs"
        ],
        "systems": "systems_2"
      },
      "locked": {
        "lastModified": 1750111025,
        "narHash": "sha256-/y8ORmcHGspGGS/0x9v7RuQ/YkuVU792Qe5HuKncoME=",
        "ref": "refs/heads/simula",
        "rev": "e44903dee9e2e68219799699c38536e7d9961294",
        "revCount": 3591,
        "submodules": true,
        "type": "git",
        "url": "https://github.com/SimulaVR/wlroots"
      },
      "original": {
        "rev": "e44903dee9e2e68219799699c38536e7d9961294",
        "submodules": true,
        "type": "git",
        "url": "https://github.com/SimulaVR/wlroots"
      }
    }
  },
  "root": "root",
  "version": 7
}
